<?xml version="1.0" encoding="utf-8"?>
<Project ToolsVersion="4.0" xmlns="http://schemas.microsoft.com/developer/msbuild/2003">
  <ItemGroup>
    <ClCompile Include="Main.cpp" />
    <ClCompile Include="BasePage.cpp">
      <Filter>Pages</Filter>
    </ClCompile>
    <ClCompile Include="GameSettingPage.cpp">
      <Filter>Pages</Filter>
    </ClCompile>
    <ClCompile Include="HomePage.cpp">
      <Filter>Pages</Filter>
    </ClCompile>
    <ClCompile Include="Character.cpp">
      <Filter>GameObjects</Filter>
    </ClCompile>
    <ClCompile Include="Enemy.cpp">
      <Filter>GameObjects</Filter>
    </ClCompile>
    <ClCompile Include="GameInformationPage.cpp">
      <Filter>Pages</Filter>
    </ClCompile>
    <ClCompile Include="GameObject.cpp">
      <Filter>GameObjects</Filter>
    </ClCompile>
    <ClCompile Include="PageManager.cpp">
      <Filter>Managers</Filter>
    </ClCompile>
    <ClCompile Include="ResourcesManager.cpp">
      <Filter>Managers</Filter>
    </ClCompile>
    <ClCompile Include="SoundManager.cpp">
      <Filter>Managers</Filter>
    </ClCompile>
    <ClCompile Include="SelectDiffPage.cpp">
      <Filter>Pages</Filter>
    </ClCompile>
    <ClCompile Include="MapManager.cpp">
      <Filter>Managers\Map</Filter>
    </ClCompile>
    <ClCompile Include="Map.cpp">
      <Filter>Managers\Map</Filter>
    </ClCompile>
    <ClCompile Include="Components.cpp">
      <Filter>Utilities</Filter>
    </ClCompile>
    <ClCompile Include="ConvertSketch.cpp">
      <Filter>Utilities</Filter>
    </ClCompile>
    <ClCompile Include="Game.cpp">
      <Filter>Utilities</Filter>
    </ClCompile>
    <ClCompile Include="GamePlayState.cpp">
      <Filter>Utilities</Filter>
    </ClCompile>
    <ClCompile Include="Global.cpp">
      <Filter>Utilities</Filter>
    </ClCompile>
    <ClCompile Include="Level.cpp">
      <Filter>Utilities</Filter>
    </ClCompile>
    <ClCompile Include="Coins.cpp">
      <Filter>GameObjects\Items</Filter>
    </ClCompile>
    <ClCompile Include="Items.cpp">
      <Filter>GameObjects\Items</Filter>
    </ClCompile>
    <ClCompile Include="Mushroom.cpp">
      <Filter>GameObjects\Items</Filter>
    </ClCompile>
    <ClCompile Include="Pipe.cpp">
      <Filter>GameObjects\Items</Filter>
    </ClCompile>
    <ClCompile Include="FireFlower.cpp">
      <Filter>GameObjects\Items</Filter>
    </ClCompile>
    <ClCompile Include="MovementManager.cpp">
      <Filter>Managers\Physics And Movement</Filter>
    </ClCompile>
    <ClCompile Include="PhysicsManager.cpp">
      <Filter>Managers\Physics And Movement</Filter>
    </ClCompile>
    <ClCompile Include="Flag.cpp" />
    <ClCompile Include="LuckyBlock.cpp" />
    <ClCompile Include="Fireball.cpp">
      <Filter>GameObjects\Items</Filter>
    </ClCompile>
  </ItemGroup>
  <ItemGroup>
    <ClInclude Include="BasePage.h">
      <Filter>Pages</Filter>
    </ClInclude>
    <ClInclude Include="GameSettingPage.h">
      <Filter>Pages</Filter>
    </ClInclude>
    <ClInclude Include="HomePage.h">
      <Filter>Pages</Filter>
    </ClInclude>
    <ClInclude Include="Character.h">
      <Filter>GameObjects</Filter>
    </ClInclude>
    <ClInclude Include="Enemy.h">
      <Filter>GameObjects</Filter>
    </ClInclude>
    <ClInclude Include="GameInformationPage.h">
      <Filter>Pages</Filter>
    </ClInclude>
    <ClInclude Include="GameObject.h">
      <Filter>GameObjects</Filter>
    </ClInclude>
    <ClInclude Include="PageManager.h">
      <Filter>Managers</Filter>
    </ClInclude>
    <ClInclude Include="ResourcesManager.h">
      <Filter>Managers</Filter>
    </ClInclude>
    <ClInclude Include="SoundManager.h">
      <Filter>Managers</Filter>
    </ClInclude>
    <ClInclude Include="SelectDiffPage.h">
      <Filter>Pages</Filter>
    </ClInclude>
    <ClInclude Include="Map.h">
      <Filter>Managers\Map</Filter>
    </ClInclude>
    <ClInclude Include="MapManager.h">
      <Filter>Managers\Map</Filter>
    </ClInclude>
    <ClInclude Include="Components.h">
      <Filter>Utilities</Filter>
    </ClInclude>
    <ClInclude Include="ConvertSketch.h">
      <Filter>Utilities</Filter>
    </ClInclude>
    <ClInclude Include="Game.h">
      <Filter>Utilities</Filter>
    </ClInclude>
    <ClInclude Include="GamePlayState.h">
      <Filter>Utilities</Filter>
    </ClInclude>
    <ClInclude Include="Global.h">
      <Filter>Utilities</Filter>
    </ClInclude>
    <ClInclude Include="Level.h">
      <Filter>Utilities</Filter>
    </ClInclude>
    <ClInclude Include="Coins.h">
      <Filter>GameObjects\Items</Filter>
    </ClInclude>
    <ClInclude Include="Items.h">
      <Filter>GameObjects\Items</Filter>
    </ClInclude>
    <ClInclude Include="Mushroom.h">
      <Filter>GameObjects\Items</Filter>
    </ClInclude>
    <ClInclude Include="Pipe.h">
      <Filter>GameObjects\Items</Filter>
    </ClInclude>
    <ClInclude Include="FireFlower.h">
      <Filter>GameObjects\Items</Filter>
    </ClInclude>
    <ClInclude Include="MovementManager.h">
      <Filter>Managers\Physics And Movement</Filter>
    </ClInclude>
    <ClInclude Include="PhysicsManager.h">
      <Filter>Managers\Physics And Movement</Filter>
    </ClInclude>
    <ClInclude Include="Flag.h" />
    <ClInclude Include="LuckyBlock.h" />
    <ClInclude Include="Fireball.h">
      <Filter>GameObjects\Items</Filter>
    </ClInclude>
  </ItemGroup>
  <ItemGroup>
    <Filter Include="Pages">
      <UniqueIdentifier>{cd08a91d-428b-4bb5-86b0-5e732007ba09}</UniqueIdentifier>
    </Filter>
    <Filter Include="GameObjects">
      <UniqueIdentifier>{7aaa581d-14dd-423b-b165-56bd46ab2eea}</UniqueIdentifier>
    </Filter>
    <Filter Include="Managers">
      <UniqueIdentifier>{2c243c36-abae-4cec-96b3-f63fd0bba0f3}</UniqueIdentifier>
    </Filter>
    <Filter Include="Managers\Map">
      <UniqueIdentifier>{8ef79848-4609-4dd4-b950-06d1f2d0ac75}</UniqueIdentifier>
    </Filter>
    <Filter Include="Utilities">
      <UniqueIdentifier>{7088ca40-17fd-4367-ab58-62dbbc598524}</UniqueIdentifier>
    </Filter>
    <Filter Include="GameObjects\Items">
      <UniqueIdentifier>{6519cb9b-9c59-46fb-83fe-d651d856afa1}</UniqueIdentifier>
    </Filter>
    <Filter Include="Managers\Physics And Movement">
      <UniqueIdentifier>{ea9cfec8-35eb-45bb-bd00-693aa14f8e67}</UniqueIdentifier>
    </Filter>
  </ItemGroup>
</Project>